
Microsoft Visual Studio Solution File, Format Version 12.00
# Visual Studio Version 17
VisualStudioVersion = 17.8.34525.116
MinimumVisualStudioVersion = 10.0.40219.1
Project("{FAE04EC0-301F-11D3-BF4B-00C04F79EFBC}") = "MasterPlanner", "MasterPlanner\MasterPlanner.csproj", "{B3BE8B3C-F429-4057-912B-6529EECBA303}"
EndProject
Global
	GlobalSection(SolutionConfigurationPlatforms) = preSolution
		Debug|Any CPU = Debug|Any CPU
		Release|Any CPU = Release|Any CPU
	EndGlobalSection
	GlobalSection(ProjectConfigurationPlatforms) = postSolution
		{B3BE8B3C-F429-4057-912B-6529EECBA303}.Debug|Any CPU.ActiveCfg = Debug|Any CPU
		{B3BE8B3C-F429-4057-912B-6529EECBA303}.Debug|Any CPU.Build.0 = Debug|Any CPU
		{B3BE8B3C-F429-4057-912B-6529EECBA303}.Release|Any CPU.ActiveCfg = Release|Any CPU
		{B3BE8B3C-F429-4057-912B-6529EECBA303}.Release|Any CPU.Build.0 = Release|Any CPU
	EndGlobalSection
	GlobalSection(SolutionProperties) = preSolution
		HideSolutionNode = FALSE
	EndGlobalSection
	GlobalSection(ExtensibilityGlobals) = postSolution
		SolutionGuid = {2B896197-7263-439D-BD29-1AA29B00C514}
	EndGlobalSection
EndGlobal
